
Microsoft Visual Studio Solution File, Format Version 12.00
# Visual Studio Version 17
VisualStudioVersion = 17.12.35707.178 d17.12
MinimumVisualStudioVersion = 10.0.40219.1
Project("{FAE04EC0-301F-11D3-BF4B-00C04F79EFBC}") = "Control_Image", "GUI_Componentes\Control_Image.csproj", "{696515F7-EC98-4812-8939-8265652753B9}"
EndProject
Project("{FAE04EC0-301F-11D3-BF4B-00C04F79EFBC}") = "Componentes_GUI", "Componentes_GUI\Componentes_GUI.csproj", "{16AA1A49-3741-462C-A855-477A7338601A}"
EndProject
Project("{FAE04EC0-301F-11D3-BF4B-00C04F79EFBC}") = "Contactos", "Contactos\Contactos.csproj", "{9B592D7B-7987-4D57-BA02-99AA007603AD}"
EndProject
Global
	GlobalSection(SolutionConfigurationPlatforms) = preSolution
		Debug|Any CPU = Debug|Any CPU
		Release|Any CPU = Release|Any CPU
	EndGlobalSection
	GlobalSection(ProjectConfigurationPlatforms) = postSolution
		{696515F7-EC98-4812-8939-8265652753B9}.Debug|Any CPU.ActiveCfg = Debug|Any CPU
		{696515F7-EC98-4812-8939-8265652753B9}.Debug|Any CPU.Build.0 = Debug|Any CPU
		{696515F7-EC98-4812-8939-8265652753B9}.Release|Any CPU.ActiveCfg = Release|Any CPU
		{696515F7-EC98-4812-8939-8265652753B9}.Release|Any CPU.Build.0 = Release|Any CPU
		{16AA1A49-3741-462C-A855-477A7338601A}.Debug|Any CPU.ActiveCfg = Debug|Any CPU
		{16AA1A49-3741-462C-A855-477A7338601A}.Debug|Any CPU.Build.0 = Debug|Any CPU
		{16AA1A49-3741-462C-A855-477A7338601A}.Release|Any CPU.ActiveCfg = Release|Any CPU
		{16AA1A49-3741-462C-A855-477A7338601A}.Release|Any CPU.Build.0 = Release|Any CPU
		{9B592D7B-7987-4D57-BA02-99AA007603AD}.Debug|Any CPU.ActiveCfg = Debug|Any CPU
		{9B592D7B-7987-4D57-BA02-99AA007603AD}.Debug|Any CPU.Build.0 = Debug|Any CPU
		{9B592D7B-7987-4D57-BA02-99AA007603AD}.Release|Any CPU.ActiveCfg = Release|Any CPU
		{9B592D7B-7987-4D57-BA02-99AA007603AD}.Release|Any CPU.Build.0 = Release|Any CPU
	EndGlobalSection
	GlobalSection(SolutionProperties) = preSolution
		HideSolutionNode = FALSE
	EndGlobalSection
EndGlobal
